
Microsoft Visual Studio Solution File, Format Version 12.00
# Visual Studio 14
VisualStudioVersion = 14.0.25420.1
MinimumVisualStudioVersion = 10.0.40219.1
Project("{FAE04EC0-301F-11D3-BF4B-00C04F79EFBC}") = "Emrys.UrlUtil", "Emrys.UrlUtil\Emrys.UrlUtil.csproj", "{CE75F03C-33A1-4463-8ED6-F672A8F5076B}"
EndProject
Global
	GlobalSection(SolutionConfigurationPlatforms) = preSolution
		Debug|Any CPU = Debug|Any CPU
		Release|Any CPU = Release|Any CPU
	EndGlobalSection
	GlobalSection(ProjectConfigurationPlatforms) = postSolution
		{CE75F03C-33A1-4463-8ED6-F672A8F5076B}.Debug|Any CPU.ActiveCfg = Debug|Any CPU
		{CE75F03C-33A1-4463-8ED6-F672A8F5076B}.Debug|Any CPU.Build.0 = Debug|Any CPU
		{CE75F03C-33A1-4463-8ED6-F672A8F5076B}.Release|Any CPU.ActiveCfg = Release|Any CPU
		{CE75F03C-33A1-4463-8ED6-F672A8F5076B}.Release|Any CPU.Build.0 = Release|Any CPU
	EndGlobalSection
	GlobalSection(SolutionProperties) = preSolution
		HideSolutionNode = FALSE
	EndGlobalSection
EndGlobal
